// !$*UTF8*$!
{
	archiveVersion = 1;
	classes = {
	};
	objectVersion = 50;
	objects = {

/* Begin PBXBuildFile section */
		C35231EB265A51100085B3BA /* AppDelegate.swift in Sources */ = {isa = PBXBuildFile; fileRef = C35231EA265A51100085B3BA /* AppDelegate.swift */; };
		C35231ED265A51100085B3BA /* SceneDelegate.swift in Sources */ = {isa = PBXBuildFile; fileRef = C35231EC265A51100085B3BA /* SceneDelegate.swift */; };
		C35231F2265A51100085B3BA /* Main.storyboard in Resources */ = {isa = PBXBuildFile; fileRef = C35231F0265A51100085B3BA /* Main.storyboard */; };
		C35231F4265A51140085B3BA /* Assets.xcassets in Resources */ = {isa = PBXBuildFile; fileRef = C35231F3265A51140085B3BA /* Assets.xcassets */; };
		C35231F7265A51140085B3BA /* LaunchScreen.storyboard in Resources */ = {isa = PBXBuildFile; fileRef = C35231F5265A51140085B3BA /* LaunchScreen.storyboard */; };
		C3BCC803266BCB520096D9A8 /* GameController.swift in Sources */ = {isa = PBXBuildFile; fileRef = C3BCC802266BCB520096D9A8 /* GameController.swift */; };
		C3BCC805266BCC200096D9A8 /* MemoryGame.swift in Sources */ = {isa = PBXBuildFile; fileRef = C3BCC804266BCC200096D9A8 /* MemoryGame.swift */; };
		C3BCC807266BCC430096D9A8 /* Card.swift in Sources */ = {isa = PBXBuildFile; fileRef = C3BCC806266BCC430096D9A8 /* Card.swift */; };
		C3BCC809266BCC6D0096D9A8 /* score.swift in Sources */ = {isa = PBXBuildFile; fileRef = C3BCC808266BCC6D0096D9A8 /* score.swift */; };
		C3BCC80B266BCC860096D9A8 /* PlayerLocation.swift in Sources */ = {isa = PBXBuildFile; fileRef = C3BCC80A266BCC860096D9A8 /* PlayerLocation.swift */; };
		C3BCC80D266BCCAC0096D9A8 /* DataManager.swift in Sources */ = {isa = PBXBuildFile; fileRef = C3BCC80C266BCCAC0096D9A8 /* DataManager.swift */; };
		C3BCC80F266BCCFB0096D9A8 /* mainController.swift in Sources */ = {isa = PBXBuildFile; fileRef = C3BCC80E266BCCFB0096D9A8 /* mainController.swift */; };
		C3BCC811266BCEFE0096D9A8 /* maxScoreController.swift in Sources */ = {isa = PBXBuildFile; fileRef = C3BCC810266BCEFE0096D9A8 /* maxScoreController.swift */; };
		C3BCC813266BCF190096D9A8 /* Cell.swift in Sources */ = {isa = PBXBuildFile; fileRef = C3BCC812266BCF190096D9A8 /* Cell.swift */; };
/* End PBXBuildFile section */

/* Begin PBXFileReference section */
		C35231E7265A51100085B3BA /* MemoryGame_313230088.app */ = {isa = PBXFileReference; explicitFileType = wrapper.application; includeInIndex = 0; path = MemoryGame_313230088.app; sourceTree = BUILT_PRODUCTS_DIR; };
		C35231EA265A51100085B3BA /* AppDelegate.swift */ = {isa = PBXFileReference; lastKnownFileType = sourcecode.swift; path = AppDelegate.swift; sourceTree = "<group>"; };
		C35231EC265A51100085B3BA /* SceneDelegate.swift */ = {isa = PBXFileReference; lastKnownFileType = sourcecode.swift; path = SceneDelegate.swift; sourceTree = "<group>"; };
		C35231F1265A51100085B3BA /* Base */ = {isa = PBXFileReference; lastKnownFileType = file.storyboard; name = Base; path = Base.lproj/Main.storyboard; sourceTree = "<group>"; };
		C35231F3265A51140085B3BA /* Assets.xcassets */ = {isa = PBXFileReference; lastKnownFileType = folder.assetcatalog; path = Assets.xcassets; sourceTree = "<group>"; };
		C35231F6265A51140085B3BA /* Base */ = {isa = PBXFileReference; lastKnownFileType = file.storyboard; name = Base; path = Base.lproj/LaunchScreen.storyboard; sourceTree = "<group>"; };
		C35231F8265A51140085B3BA /* Info.plist */ = {isa = PBXFileReference; lastKnownFileType = text.plist.xml; path = Info.plist; sourceTree = "<group>"; };
		C3BCC802266BCB520096D9A8 /* GameController.swift */ = {isa = PBXFileReference; lastKnownFileType = sourcecode.swift; path = GameController.swift; sourceTree = "<group>"; };
		C3BCC804266BCC200096D9A8 /* MemoryGame.swift */ = {isa = PBXFileReference; lastKnownFileType = sourcecode.swift; path = MemoryGame.swift; sourceTree = "<group>"; };
		C3BCC806266BCC430096D9A8 /* Card.swift */ = {isa = PBXFileReference; lastKnownFileType = sourcecode.swift; path = Card.swift; sourceTree = "<group>"; };
		C3BCC808266BCC6D0096D9A8 /* score.swift */ = {isa = PBXFileReference; lastKnownFileType = sourcecode.swift; path = score.swift; sourceTree = "<group>"; };
		C3BCC80A266BCC860096D9A8 /* PlayerLocation.swift */ = {isa = PBXFileReference; lastKnownFileType = sourcecode.swift; path = PlayerLocation.swift; sourceTree = "<group>"; };
		C3BCC80C266BCCAC0096D9A8 /* DataManager.swift */ = {isa = PBXFileReference; lastKnownFileType = sourcecode.swift; path = DataManager.swift; sourceTree = "<group>"; };
		C3BCC80E266BCCFB0096D9A8 /* mainController.swift */ = {isa = PBXFileReference; lastKnownFileType = sourcecode.swift; path = mainController.swift; sourceTree = "<group>"; };
		C3BCC810266BCEFE0096D9A8 /* maxScoreController.swift */ = {isa = PBXFileReference; lastKnownFileType = sourcecode.swift; path = maxScoreController.swift; sourceTree = "<group>"; };
		C3BCC812266BCF190096D9A8 /* Cell.swift */ = {isa = PBXFileReference; lastKnownFileType = sourcecode.swift; path = Cell.swift; sourceTree = "<group>"; };
/* End PBXFileReference section */

/* Begin PBXFrameworksBuildPhase section */
		C35231E4265A51100085B3BA /* Frameworks */ = {
			isa = PBXFrameworksBuildPhase;
			buildActionMask = 2147483647;
			files = (
			);
			runOnlyForDeploymentPostprocessing = 0;
		};
/* End PBXFrameworksBuildPhase section */

/* Begin PBXGroup section */
		C35231DE265A51100085B3BA = {
			isa = PBXGroup;
			children = (
				C35231E9265A51100085B3BA /* MemoryGame_313230088 */,
				C35231E8265A51100085B3BA /* Products */,
			);
			sourceTree = "<group>";
		};
		C35231E8265A51100085B3BA /* Products */ = {
			isa = PBXGroup;
			children = (
				C35231E7265A51100085B3BA /* MemoryGame_313230088.app */,
			);
			name = Products;
			sourceTree = "<group>";
		};
		C35231E9265A51100085B3BA /* MemoryGame_313230088 */ = {
			isa = PBXGroup;
			children = (
				C35231EA265A51100085B3BA /* AppDelegate.swift */,
				C35231EC265A51100085B3BA /* SceneDelegate.swift */,
				C35231F0265A51100085B3BA /* Main.storyboard */,
				C35231F3265A51140085B3BA /* Assets.xcassets */,
				C35231F5265A51140085B3BA /* LaunchScreen.storyboard */,
				C35231F8265A51140085B3BA /* Info.plist */,
				C3BCC802266BCB520096D9A8 /* GameController.swift */,
				C3BCC804266BCC200096D9A8 /* MemoryGame.swift */,
				C3BCC806266BCC430096D9A8 /* Card.swift */,
				C3BCC808266BCC6D0096D9A8 /* score.swift */,
				C3BCC80A266BCC860096D9A8 /* PlayerLocation.swift */,
				C3BCC80C266BCCAC0096D9A8 /* DataManager.swift */,
				C3BCC80E266BCCFB0096D9A8 /* mainController.swift */,
				C3BCC810266BCEFE0096D9A8 /* maxScoreController.swift */,
				C3BCC812266BCF190096D9A8 /* Cell.swift */,
			);
			path = MemoryGame_313230088;
			sourceTree = "<group>";
		};
/* End PBXGroup section */

/* Begin PBXNativeTarget section */
		C35231E6265A51100085B3BA /* MemoryGame_313230088 */ = {
			isa = PBXNativeTarget;
			buildConfigurationList = C35231FB265A51140085B3BA /* Build configuration list for PBXNativeTarget "MemoryGame_313230088" */;
			buildPhases = (
				C35231E3265A51100085B3BA /* Sources */,
				C35231E4265A51100085B3BA /* Frameworks */,
				C35231E5265A51100085B3BA /* Resources */,
			);
			buildRules = (
			);
			dependencies = (
			);
			name = MemoryGame_313230088;
			productName = MemoryGame_313230088;
			productReference = C35231E7265A51100085B3BA /* MemoryGame_313230088.app */;
			productType = "com.apple.product-type.application";
		};
/* End PBXNativeTarget section */

/* Begin PBXProject section */
		C35231DF265A51100085B3BA /* Project object */ = {
			isa = PBXProject;
			attributes = {
				LastSwiftUpdateCheck = 1250;
				LastUpgradeCheck = 1250;
				TargetAttributes = {
					C35231E6265A51100085B3BA = {
						CreatedOnToolsVersion = 12.5;
					};
				};
			};
			buildConfigurationList = C35231E2265A51100085B3BA /* Build configuration list for PBXProject "MemoryGame_313230088" */;
			compatibilityVersion = "Xcode 9.3";
			developmentRegion = en;
			hasScannedForEncodings = 0;
			knownRegions = (
				en,
				Base,
			);
			mainGroup = C35231DE265A51100085B3BA;
			productRefGroup = C35231E8265A51100085B3BA /* Products */;
			projectDirPath = "";
			projectRoot = "";
			targets = (
				C35231E6265A51100085B3BA /* MemoryGame_313230088 */,
			);
		};
/* End PBXProject section */

/* Begin PBXResourcesBuildPhase section */
		C35231E5265A51100085B3BA /* Resources */ = {
			isa = PBXResourcesBuildPhase;
			buildActionMask = 2147483647;
			files = (
				C35231F7265A51140085B3BA /* LaunchScreen.storyboard in Resources */,
				C35231F4265A51140085B3BA /* Assets.xcassets in Resources */,
				C35231F2265A51100085B3BA /* Main.storyboard in Resources */,
			);
			runOnlyForDeploymentPostprocessing = 0;
		};
/* End PBXResourcesBuildPhase section */

/* Begin PBXSourcesBuildPhase section */
		C35231E3265A51100085B3BA /* Sources */ = {
			isa = PBXSourcesBuildPhase;
			buildActionMask = 2147483647;
			files = (
				C35231EB265A51100085B3BA /* AppDelegate.swift in Sources */,
				C3BCC80D266BCCAC0096D9A8 /* DataManager.swift in Sources */,
				C3BCC80B266BCC860096D9A8 /* PlayerLocation.swift in Sources */,
				C3BCC803266BCB520096D9A8 /* GameController.swift in Sources */,
				C3BCC809266BCC6D0096D9A8 /* score.swift in Sources */,
				C3BCC807266BCC430096D9A8 /* Card.swift in Sources */,
				C3BCC80F266BCCFB0096D9A8 /* mainController.swift in Sources */,
				C3BCC811266BCEFE0096D9A8 /* maxScoreController.swift in Sources */,
				C3BCC813266BCF190096D9A8 /* Cell.swift in Sources */,
				C3BCC805266BCC200096D9A8 /* MemoryGame.swift in Sources */,
				C35231ED265A51100085B3BA /* SceneDelegate.swift in Sources */,
			);
			runOnlyForDeploymentPostprocessing = 0;
		};
/* End PBXSourcesBuildPhase section */

/* Begin PBXVariantGroup section */
		C35231F0265A51100085B3BA /* Main.storyboard */ = {
			isa = PBXVariantGroup;
			children = (
				C35231F1265A51100085B3BA /* Base */,
			);
			name = Main.storyboard;
			sourceTree = "<group>";
		};
		C35231F5265A51140085B3BA /* LaunchScreen.storyboard */ = {
			isa = PBXVariantGroup;
			children = (
				C35231F6265A51140085B3BA /* Base */,
			);
			name = LaunchScreen.storyboard;
			sourceTree = "<group>";
		};
/* End PBXVariantGroup section */

/* Begin XCBuildConfiguration section */
		C35231F9265A51140085B3BA /* Debug */ = {
			isa = XCBuildConfiguration;
			buildSettings = {
				ALWAYS_SEARCH_USER_PATHS = NO;
				CLANG_ANALYZER_NONNULL = YES;
				CLANG_ANALYZER_NUMBER_OBJECT_CONVERSION = YES_AGGRESSIVE;
				CLANG_CXX_LANGUAGE_STANDARD = "gnu++14";
				CLANG_CXX_LIBRARY = "libc++";
				CLANG_ENABLE_MODULES = YES;
				CLANG_ENABLE_OBJC_ARC = YES;
				CLANG_ENABLE_OBJC_WEAK = YES;
				CLANG_WARN_BLOCK_CAPTURE_AUTORELEASING = YES;
				CLANG_WARN_BOOL_CONVERSION = YES;
				CLANG_WARN_COMMA = YES;
				CLANG_WARN_CONSTANT_CONVERSION = YES;
				CLANG_WARN_DEPRECATED_OBJC_IMPLEMENTATIONS = YES;
				CLANG_WARN_DIRECT_OBJC_ISA_USAGE = YES_ERROR;
				CLANG_WARN_DOCUMENTATION_COMMENTS = YES;
				CLANG_WARN_EMPTY_BODY = YES;
				CLANG_WARN_ENUM_CONVERSION = YES;
				CLANG_WARN_INFINITE_RECURSION = YES;
				CLANG_WARN_INT_CONVERSION = YES;
				CLANG_WARN_NON_LITERAL_NULL_CONVERSION = YES;
				CLANG_WARN_OBJC_IMPLICIT_RETAIN_SELF = YES;
				CLANG_WARN_OBJC_LITERAL_CONVERSION = YES;
				CLANG_WARN_OBJC_ROOT_CLASS = YES_ERROR;
				CLANG_WARN_QUOTED_INCLUDE_IN_FRAMEWORK_HEADER = YES;
				CLANG_WARN_RANGE_LOOP_ANALYSIS = YES;
				CLANG_WARN_STRICT_PROTOTYPES = YES;
				CLANG_WARN_SUSPICIOUS_MOVE = YES;
				CLANG_WARN_UNGUARDED_AVAILABILITY = YES_AGGRESSIVE;
				CLANG_WARN_UNREACHABLE_CODE = YES;
				CLANG_WARN__DUPLICATE_METHOD_MATCH = YES;
				COPY_PHASE_STRIP = NO;
				DEBUG_INFORMATION_FORMAT = dwarf;
				ENABLE_STRICT_OBJC_MSGSEND = YES;
				ENABLE_TESTABILITY = YES;
				GCC_C_LANGUAGE_STANDARD = gnu11;
				GCC_DYNAMIC_NO_PIC = NO;
				GCC_NO_COMMON_BLOCKS = YES;
				GCC_OPTIMIZATION_LEVEL = 0;
				GCC_PREPROCESSOR_DEFINITIONS = (
					"DEBUG=1",
					"$(inherited)",
				);
				GCC_WARN_64_TO_32_BIT_CONVERSION = YES;
				GCC_WARN_ABOUT_RETURN_TYPE = YES_ERROR;
				GCC_WARN_UNDECLARED_SELECTOR = YES;
				GCC_WARN_UNINITIALIZED_AUTOS = YES_AGGRESSIVE;
				GCC_WARN_UNUSED_FUNCTION = YES;
				GCC_WARN_UNUSED_VARIABLE = YES;
				IPHONEOS_DEPLOYMENT_TARGET = 14.5;
				MTL_ENABLE_DEBUG_INFO = INCLUDE_SOURCE;
				MTL_FAST_MATH = YES;
				ONLY_ACTIVE_ARCH = YES;
				SDKROOT = iphoneos;
				SWIFT_ACTIVE_COMPILATION_CONDITIONS = DEBUG;
				SWIFT_OPTIMIZATION_LEVEL = "-Onone";
			};
			name = Debug;
		};
		C35231FA265A51140085B3BA /* Release */ = {
			isa = XCBuildConfiguration;
			buildSettings = {
				ALWAYS_SEARCH_USER_PATHS = NO;
				CLANG_ANALYZER_NONNULL = YES;
				CLANG_ANALYZER_NUMBER_OBJECT_CONVERSION = YES_AGGRESSIVE;
				CLANG_CXX_LANGUAGE_STANDARD = "gnu++14";
				CLANG_CXX_LIBRARY = "libc++";
				CLANG_ENABLE_MODULES = YES;
				CLANG_ENABLE_OBJC_ARC = YES;
				CLANG_ENABLE_OBJC_WEAK = YES;
				CLANG_WARN_BLOCK_CAPTURE_AUTORELEASING = YES;
				CLANG_WARN_BOOL_CONVERSION = YES;
				CLANG_WARN_COMMA = YES;
				CLANG_WARN_CONSTANT_CONVERSION = YES;
				CLANG_WARN_DEPRECATED_OBJC_IMPLEMENTATIONS = YES;
				CLANG_WARN_DIRECT_OBJC_ISA_USAGE = YES_ERROR;
				CLANG_WARN_DOCUMENTATION_COMMENTS = YES;
				CLANG_WARN_EMPTY_BODY = YES;
				CLANG_WARN_ENUM_CONVERSION = YES;
				CLANG_WARN_INFINITE_RECURSION = YES;
				CLANG_WARN_INT_CONVERSION = YES;
				CLANG_WARN_NON_LITERAL_NULL_CONVERSION = YES;
				CLANG_WARN_OBJC_IMPLICIT_RETAIN_SELF = YES;
				CLANG_WARN_OBJC_LITERAL_CONVERSION = YES;
				CLANG_WARN_OBJC_ROOT_CLASS = YES_ERROR;
				CLANG_WARN_QUOTED_INCLUDE_IN_FRAMEWORK_HEADER = YES;
				CLANG_WARN_RANGE_LOOP_ANALYSIS = YES;
				CLANG_WARN_STRICT_PROTOTYPES = YES;
				CLANG_WARN_SUSPICIOUS_MOVE = YES;
				CLANG_WARN_UNGUARDED_AVAILABILITY = YES_AGGRESSIVE;
				CLANG_WARN_UNREACHABLE_CODE = YES;
				CLANG_WARN__DUPLICATE_METHOD_MATCH = YES;
				COPY_PHASE_STRIP = NO;
				DEBUG_INFORMATION_FORMAT = "dwarf-with-dsym";
				ENABLE_NS_ASSERTIONS = NO;
				ENABLE_STRICT_OBJC_MSGSEND = YES;
				GCC_C_LANGUAGE_STANDARD = gnu11;
				GCC_NO_COMMON_BLOCKS = YES;
				GCC_WARN_64_TO_32_BIT_CONVERSION = YES;
				GCC_WARN_ABOUT_RETURN_TYPE = YES_ERROR;
				GCC_WARN_UNDECLARED_SELECTOR = YES;
				GCC_WARN_UNINITIALIZED_AUTOS = YES_AGGRESSIVE;
				GCC_WARN_UNUSED_FUNCTION = YES;
				GCC_WARN_UNUSED_VARIABLE = YES;
				IPHONEOS_DEPLOYMENT_TARGET = 14.5;
				MTL_ENABLE_DEBUG_INFO = NO;
				MTL_FAST_MATH = YES;
				SDKROOT = iphoneos;
				SWIFT_COMPILATION_MODE = wholemodule;
				SWIFT_OPTIMIZATION_LEVEL = "-O";
				VALIDATE_PRODUCT = YES;
			};
			name = Release;
		};
		C35231FC265A51140085B3BA /* Debug */ = {
			isa = XCBuildConfiguration;
			buildSettings = {
				ASSETCATALOG_COMPILER_APPICON_NAME = AppIcon;
				ASSETCATALOG_COMPILER_GLOBAL_ACCENT_COLOR_NAME = AccentColor;
				CODE_SIGN_STYLE = Automatic;
				INFOPLIST_FILE = MemoryGame_313230088/Info.plist;
				LD_RUNPATH_SEARCH_PATHS = (
					"$(inherited)",
					"@executable_path/Frameworks",
				);
				PRODUCT_BUNDLE_IDENTIFIER = "com.Or.MemoryGame-313230088";
				PRODUCT_NAME = "$(TARGET_NAME)";
				SWIFT_VERSION = 5.0;
				TARGETED_DEVICE_FAMILY = "1,2";
			};
			name = Debug;
		};
		C35231FD265A51140085B3BA /* Release */ = {
			isa = XCBuildConfiguration;
			buildSettings = {
				ASSETCATALOG_COMPILER_APPICON_NAME = AppIcon;
				ASSETCATALOG_COMPILER_GLOBAL_ACCENT_COLOR_NAME = AccentColor;
				CODE_SIGN_STYLE = Automatic;
				INFOPLIST_FILE = MemoryGame_313230088/Info.plist;
				LD_RUNPATH_SEARCH_PATHS = (
					"$(inherited)",
					"@executable_path/Frameworks",
				);
				PRODUCT_BUNDLE_IDENTIFIER = "com.Or.MemoryGame-313230088";
				PRODUCT_NAME = "$(TARGET_NAME)";
				SWIFT_VERSION = 5.0;
				TARGETED_DEVICE_FAMILY = "1,2";
			};
			name = Release;
		};
/* End XCBuildConfiguration section */

/* Begin XCConfigurationList section */
		C35231E2265A51100085B3BA /* Build configuration list for PBXProject "MemoryGame_313230088" */ = {
			isa = XCConfigurationList;
			buildConfigurations = (
				C35231F9265A51140085B3BA /* Debug */,
				C35231FA265A51140085B3BA /* Release */,
			);
			defaultConfigurationIsVisible = 0;
			defaultConfigurationName = Release;
		};
		C35231FB265A51140085B3BA /* Build configuration list for PBXNativeTarget "MemoryGame_313230088" */ = {
			isa = XCConfigurationList;
			buildConfigurations = (
				C35231FC265A51140085B3BA /* Debug */,
				C35231FD265A51140085B3BA /* Release */,
			);
			defaultConfigurationIsVisible = 0;
			defaultConfigurationName = Release;
		};
/* End XCConfigurationList section */
	};
	rootObject = C35231DF265A51100085B3BA /* Project object */;
}
